
Microsoft Visual Studio Solution File, Format Version 12.00
# Visual Studio Version 16
VisualStudioVersion = 16.0.29306.81
MinimumVisualStudioVersion = 10.0.40219.1
Project("{FAE04EC0-301F-11D3-BF4B-00C04F79EFBC}") = "CQIE.OVS.Web", "CQIE.OVS.Web\CQIE.OVS.Web.csproj", "{FDA9F3B4-127E-4BD6-AD54-2E55DBA0B8B8}"
EndProject
Project("{FAE04EC0-301F-11D3-BF4B-00C04F79EFBC}") = "CQIE.OVS.Domain", "CQIE.OVS.Domain\CQIE.OVS.Domain.csproj", "{8A435E3B-B868-4C0D-B380-D4AADACE85E6}"
EndProject
Project("{FAE04EC0-301F-11D3-BF4B-00C04F79EFBC}") = "CQIE.OVS.Core", "CQIE.OVS.Core\CQIE.OVS.Core.csproj", "{445BB8BD-20E3-4F8A-A3BD-D09493C49D2A}"
EndProject
Project("{FAE04EC0-301F-11D3-BF4B-00C04F79EFBC}") = "CQIE.OVS.Service", "CQIE.OVS.Service\CQIE.OVS.Service.csproj", "{FC1728A2-05C9-426C-A546-747D67D58241}"
EndProject
Project("{FAE04EC0-301F-11D3-BF4B-00C04F79EFBC}") = "CQIE.OVS.Manager", "CQIE.OVS.Manager\CQIE.OVS.Manager.csproj", "{FEDB5F33-3092-499B-BEDE-2C65220148C9}"
EndProject
Project("{FAE04EC0-301F-11D3-BF4B-00C04F79EFBC}") = "CQIE.OVS.Component", "CQIE.OVS.Component\CQIE.OVS.Component.csproj", "{47930698-102B-4D5A-ADA9-FC001951DB85}"
EndProject
Global
	GlobalSection(SolutionConfigurationPlatforms) = preSolution
		Debug|Any CPU = Debug|Any CPU
		Release|Any CPU = Release|Any CPU
	EndGlobalSection
	GlobalSection(ProjectConfigurationPlatforms) = postSolution
		{FDA9F3B4-127E-4BD6-AD54-2E55DBA0B8B8}.Debug|Any CPU.ActiveCfg = Debug|Any CPU
		{FDA9F3B4-127E-4BD6-AD54-2E55DBA0B8B8}.Debug|Any CPU.Build.0 = Debug|Any CPU
		{FDA9F3B4-127E-4BD6-AD54-2E55DBA0B8B8}.Release|Any CPU.ActiveCfg = Release|Any CPU
		{FDA9F3B4-127E-4BD6-AD54-2E55DBA0B8B8}.Release|Any CPU.Build.0 = Release|Any CPU
		{8A435E3B-B868-4C0D-B380-D4AADACE85E6}.Debug|Any CPU.ActiveCfg = Debug|Any CPU
		{8A435E3B-B868-4C0D-B380-D4AADACE85E6}.Debug|Any CPU.Build.0 = Debug|Any CPU
		{8A435E3B-B868-4C0D-B380-D4AADACE85E6}.Release|Any CPU.ActiveCfg = Release|Any CPU
		{8A435E3B-B868-4C0D-B380-D4AADACE85E6}.Release|Any CPU.Build.0 = Release|Any CPU
		{445BB8BD-20E3-4F8A-A3BD-D09493C49D2A}.Debug|Any CPU.ActiveCfg = Debug|Any CPU
		{445BB8BD-20E3-4F8A-A3BD-D09493C49D2A}.Debug|Any CPU.Build.0 = Debug|Any CPU
		{445BB8BD-20E3-4F8A-A3BD-D09493C49D2A}.Release|Any CPU.ActiveCfg = Release|Any CPU
		{445BB8BD-20E3-4F8A-A3BD-D09493C49D2A}.Release|Any CPU.Build.0 = Release|Any CPU
		{FC1728A2-05C9-426C-A546-747D67D58241}.Debug|Any CPU.ActiveCfg = Debug|Any CPU
		{FC1728A2-05C9-426C-A546-747D67D58241}.Debug|Any CPU.Build.0 = Debug|Any CPU
		{FC1728A2-05C9-426C-A546-747D67D58241}.Release|Any CPU.ActiveCfg = Release|Any CPU
		{FC1728A2-05C9-426C-A546-747D67D58241}.Release|Any CPU.Build.0 = Release|Any CPU
		{FEDB5F33-3092-499B-BEDE-2C65220148C9}.Debug|Any CPU.ActiveCfg = Debug|Any CPU
		{FEDB5F33-3092-499B-BEDE-2C65220148C9}.Debug|Any CPU.Build.0 = Debug|Any CPU
		{FEDB5F33-3092-499B-BEDE-2C65220148C9}.Release|Any CPU.ActiveCfg = Release|Any CPU
		{FEDB5F33-3092-499B-BEDE-2C65220148C9}.Release|Any CPU.Build.0 = Release|Any CPU
		{47930698-102B-4D5A-ADA9-FC001951DB85}.Debug|Any CPU.ActiveCfg = Debug|Any CPU
		{47930698-102B-4D5A-ADA9-FC001951DB85}.Debug|Any CPU.Build.0 = Debug|Any CPU
		{47930698-102B-4D5A-ADA9-FC001951DB85}.Release|Any CPU.ActiveCfg = Release|Any CPU
		{47930698-102B-4D5A-ADA9-FC001951DB85}.Release|Any CPU.Build.0 = Release|Any CPU
	EndGlobalSection
	GlobalSection(SolutionProperties) = preSolution
		HideSolutionNode = FALSE
	EndGlobalSection
	GlobalSection(ExtensibilityGlobals) = postSolution
		SolutionGuid = {7D4D14F9-FFC5-45B2-8760-0C40FE626E76}
	EndGlobalSection
EndGlobal
